// !$*UTF8*$!
{
	archiveVersion = 1;
	classes = {
	};
	objectVersion = 50;
	objects = {

/* Begin PBXBuildFile section */
		11ECCF2721BDDCBF002710AC /* AppDelegate.swift in Sources */ = {isa = PBXBuildFile; fileRef = 11ECCF2621BDDCBF002710AC /* AppDelegate.swift */; };
		11ECCF2921BDDCBF002710AC /* ViewController.swift in Sources */ = {isa = PBXBuildFile; fileRef = 11ECCF2821BDDCBF002710AC /* ViewController.swift */; };
		11ECCF2B21BDDCC1002710AC /* Assets.xcassets in Resources */ = {isa = PBXBuildFile; fileRef = 11ECCF2A21BDDCC1002710AC /* Assets.xcassets */; };
		11ECCF2E21BDDCC1002710AC /* Main.storyboard in Resources */ = {isa = PBXBuildFile; fileRef = 11ECCF2C21BDDCC1002710AC /* Main.storyboard */; };
		11ECCF3821BE50A7002710AC /* SearchUI.swift in Sources */ = {isa = PBXBuildFile; fileRef = 11ECCF3621BE50A7002710AC /* SearchUI.swift */; };
		11F46E1121C5EA3100830FE0 /* SearchContainer.swift in Sources */ = {isa = PBXBuildFile; fileRef = 11F46E1021C5EA3100830FE0 /* SearchContainer.swift */; };
		11F46E1321C6C68800830FE0 /* SearchResults.swift in Sources */ = {isa = PBXBuildFile; fileRef = 11F46E1221C6C68800830FE0 /* SearchResults.swift */; };
		11F46E1521C7C47800830FE0 /* MessageCell.swift in Sources */ = {isa = PBXBuildFile; fileRef = 11F46E1421C7C47800830FE0 /* MessageCell.swift */; };
/* End PBXBuildFile section */

/* Begin PBXFileReference section */
		11ECCF2321BDDCBF002710AC /* Advanced iMessage Search.app */ = {isa = PBXFileReference; explicitFileType = wrapper.application; includeInIndex = 0; path = "Advanced iMessage Search.app"; sourceTree = BUILT_PRODUCTS_DIR; };
		11ECCF2621BDDCBF002710AC /* AppDelegate.swift */ = {isa = PBXFileReference; lastKnownFileType = sourcecode.swift; path = AppDelegate.swift; sourceTree = "<group>"; };
		11ECCF2821BDDCBF002710AC /* ViewController.swift */ = {isa = PBXFileReference; lastKnownFileType = sourcecode.swift; path = ViewController.swift; sourceTree = "<group>"; };
		11ECCF2A21BDDCC1002710AC /* Assets.xcassets */ = {isa = PBXFileReference; lastKnownFileType = folder.assetcatalog; path = Assets.xcassets; sourceTree = "<group>"; };
		11ECCF2D21BDDCC1002710AC /* Base */ = {isa = PBXFileReference; lastKnownFileType = file.storyboard; name = Base; path = Base.lproj/Main.storyboard; sourceTree = "<group>"; };
		11ECCF2F21BDDCC1002710AC /* Info.plist */ = {isa = PBXFileReference; lastKnownFileType = text.plist.xml; path = Info.plist; sourceTree = "<group>"; };
		11ECCF3021BDDCC1002710AC /* Advanced_iMessage_Search.entitlements */ = {isa = PBXFileReference; lastKnownFileType = text.plist.entitlements; path = Advanced_iMessage_Search.entitlements; sourceTree = "<group>"; };
		11ECCF3621BE50A7002710AC /* SearchUI.swift */ = {isa = PBXFileReference; lastKnownFileType = sourcecode.swift; path = SearchUI.swift; sourceTree = "<group>"; };
		11F46E1021C5EA3100830FE0 /* SearchContainer.swift */ = {isa = PBXFileReference; lastKnownFileType = sourcecode.swift; path = SearchContainer.swift; sourceTree = "<group>"; };
		11F46E1221C6C68800830FE0 /* SearchResults.swift */ = {isa = PBXFileReference; lastKnownFileType = sourcecode.swift; path = SearchResults.swift; sourceTree = "<group>"; };
		11F46E1421C7C47800830FE0 /* MessageCell.swift */ = {isa = PBXFileReference; lastKnownFileType = sourcecode.swift; path = MessageCell.swift; sourceTree = "<group>"; };
/* End PBXFileReference section */

/* Begin PBXFrameworksBuildPhase section */
		11ECCF2021BDDCBF002710AC /* Frameworks */ = {
			isa = PBXFrameworksBuildPhase;
			buildActionMask = 2147483647;
			files = (
			);
			runOnlyForDeploymentPostprocessing = 0;
		};
/* End PBXFrameworksBuildPhase section */

/* Begin PBXGroup section */
		11ECCF1A21BDDCBF002710AC = {
			isa = PBXGroup;
			children = (
				11ECCF2521BDDCBF002710AC /* Advanced iMessage Search */,
				11ECCF2421BDDCBF002710AC /* Products */,
			);
			sourceTree = "<group>";
		};
		11ECCF2421BDDCBF002710AC /* Products */ = {
			isa = PBXGroup;
			children = (
				11ECCF2321BDDCBF002710AC /* Advanced iMessage Search.app */,
			);
			name = Products;
			sourceTree = "<group>";
		};
		11ECCF2521BDDCBF002710AC /* Advanced iMessage Search */ = {
			isa = PBXGroup;
			children = (
				11F46E1021C5EA3100830FE0 /* SearchContainer.swift */,
				11ECCF2621BDDCBF002710AC /* AppDelegate.swift */,
				11ECCF2821BDDCBF002710AC /* ViewController.swift */,
				11ECCF2A21BDDCC1002710AC /* Assets.xcassets */,
				11ECCF2C21BDDCC1002710AC /* Main.storyboard */,
				11ECCF2F21BDDCC1002710AC /* Info.plist */,
				11ECCF3021BDDCC1002710AC /* Advanced_iMessage_Search.entitlements */,
				11ECCF3621BE50A7002710AC /* SearchUI.swift */,
				11F46E1221C6C68800830FE0 /* SearchResults.swift */,
				11F46E1421C7C47800830FE0 /* MessageCell.swift */,
			);
			path = "Advanced iMessage Search";
			sourceTree = "<group>";
		};
/* End PBXGroup section */

/* Begin PBXNativeTarget section */
		11ECCF2221BDDCBF002710AC /* Advanced iMessage Search */ = {
			isa = PBXNativeTarget;
			buildConfigurationList = 11ECCF3321BDDCC1002710AC /* Build configuration list for PBXNativeTarget "Advanced iMessage Search" */;
			buildPhases = (
				11ECCF1F21BDDCBF002710AC /* Sources */,
				11ECCF2021BDDCBF002710AC /* Frameworks */,
				11ECCF2121BDDCBF002710AC /* Resources */,
			);
			buildRules = (
			);
			dependencies = (
			);
			name = "Advanced iMessage Search";
			productName = "Advanced iMessage Search";
			productReference = 11ECCF2321BDDCBF002710AC /* Advanced iMessage Search.app */;
			productType = "com.apple.product-type.application";
		};
/* End PBXNativeTarget section */

/* Begin PBXProject section */
		11ECCF1B21BDDCBF002710AC /* Project object */ = {
			isa = PBXProject;
			attributes = {
				LastSwiftUpdateCheck = 1010;
				LastUpgradeCheck = 1010;
				ORGANIZATIONNAME = "Brandon Oestereicher";
				TargetAttributes = {
					11ECCF2221BDDCBF002710AC = {
						CreatedOnToolsVersion = 10.1;
					};
				};
			};
			buildConfigurationList = 11ECCF1E21BDDCBF002710AC /* Build configuration list for PBXProject "Advanced iMessage Search" */;
			compatibilityVersion = "Xcode 9.3";
			developmentRegion = en;
			hasScannedForEncodings = 0;
			knownRegions = (
				en,
				Base,
			);
			mainGroup = 11ECCF1A21BDDCBF002710AC;
			productRefGroup = 11ECCF2421BDDCBF002710AC /* Products */;
			projectDirPath = "";
			projectRoot = "";
			targets = (
				11ECCF2221BDDCBF002710AC /* Advanced iMessage Search */,
			);
		};
/* End PBXProject section */

/* Begin PBXResourcesBuildPhase section */
		11ECCF2121BDDCBF002710AC /* Resources */ = {
			isa = PBXResourcesBuildPhase;
			buildActionMask = 2147483647;
			files = (
				11ECCF2B21BDDCC1002710AC /* Assets.xcassets in Resources */,
				11ECCF2E21BDDCC1002710AC /* Main.storyboard in Resources */,
			);
			runOnlyForDeploymentPostprocessing = 0;
		};
/* End PBXResourcesBuildPhase section */

/* Begin PBXSourcesBuildPhase section */
		11ECCF1F21BDDCBF002710AC /* Sources */ = {
			isa = PBXSourcesBuildPhase;
			buildActionMask = 2147483647;
			files = (
				11ECCF2921BDDCBF002710AC /* ViewController.swift in Sources */,
				11F46E1121C5EA3100830FE0 /* SearchContainer.swift in Sources */,
				11F46E1321C6C68800830FE0 /* SearchResults.swift in Sources */,
				11ECCF3821BE50A7002710AC /* SearchUI.swift in Sources */,
				11ECCF2721BDDCBF002710AC /* AppDelegate.swift in Sources */,
				11F46E1521C7C47800830FE0 /* MessageCell.swift in Sources */,
			);
			runOnlyForDeploymentPostprocessing = 0;
		};
/* End PBXSourcesBuildPhase section */

/* Begin PBXVariantGroup section */
		11ECCF2C21BDDCC1002710AC /* Main.storyboard */ = {
			isa = PBXVariantGroup;
			children = (
				11ECCF2D21BDDCC1002710AC /* Base */,
			);
			name = Main.storyboard;
			sourceTree = "<group>";
		};
/* End PBXVariantGroup section */

/* Begin XCBuildConfiguration section */
		11ECCF3121BDDCC1002710AC /* Debug */ = {
			isa = XCBuildConfiguration;
			buildSettings = {
				ALWAYS_SEARCH_USER_PATHS = NO;
				CLANG_ANALYZER_NONNULL = YES;
				CLANG_ANALYZER_NUMBER_OBJECT_CONVERSION = YES_AGGRESSIVE;
				CLANG_CXX_LANGUAGE_STANDARD = "gnu++14";
				CLANG_CXX_LIBRARY = "libc++";
				CLANG_ENABLE_MODULES = YES;
				CLANG_ENABLE_OBJC_ARC = YES;
				CLANG_ENABLE_OBJC_WEAK = YES;
				CLANG_WARN_BLOCK_CAPTURE_AUTORELEASING = YES;
				CLANG_WARN_BOOL_CONVERSION = YES;
				CLANG_WARN_COMMA = YES;
				CLANG_WARN_CONSTANT_CONVERSION = YES;
				CLANG_WARN_DEPRECATED_OBJC_IMPLEMENTATIONS = YES;
				CLANG_WARN_DIRECT_OBJC_ISA_USAGE = YES_ERROR;
				CLANG_WARN_DOCUMENTATION_COMMENTS = YES;
				CLANG_WARN_EMPTY_BODY = YES;
				CLANG_WARN_ENUM_CONVERSION = YES;
				CLANG_WARN_INFINITE_RECURSION = YES;
				CLANG_WARN_INT_CONVERSION = YES;
				CLANG_WARN_NON_LITERAL_NULL_CONVERSION = YES;
				CLANG_WARN_OBJC_IMPLICIT_RETAIN_SELF = YES;
				CLANG_WARN_OBJC_LITERAL_CONVERSION = YES;
				CLANG_WARN_OBJC_ROOT_CLASS = YES_ERROR;
				CLANG_WARN_RANGE_LOOP_ANALYSIS = YES;
				CLANG_WARN_STRICT_PROTOTYPES = YES;
				CLANG_WARN_SUSPICIOUS_MOVE = YES;
				CLANG_WARN_UNGUARDED_AVAILABILITY = YES_AGGRESSIVE;
				CLANG_WARN_UNREACHABLE_CODE = YES;
				CLANG_WARN__DUPLICATE_METHOD_MATCH = YES;
				CODE_SIGN_IDENTITY = "-";
				COPY_PHASE_STRIP = NO;
				DEBUG_INFORMATION_FORMAT = dwarf;
				ENABLE_STRICT_OBJC_MSGSEND = YES;
				ENABLE_TESTABILITY = YES;
				GCC_C_LANGUAGE_STANDARD = gnu11;
				GCC_DYNAMIC_NO_PIC = NO;
				GCC_NO_COMMON_BLOCKS = YES;
				GCC_OPTIMIZATION_LEVEL = 0;
				GCC_PREPROCESSOR_DEFINITIONS = (
					"DEBUG=1",
					"$(inherited)",
				);
				GCC_WARN_64_TO_32_BIT_CONVERSION = YES;
				GCC_WARN_ABOUT_RETURN_TYPE = YES_ERROR;
				GCC_WARN_UNDECLARED_SELECTOR = YES;
				GCC_WARN_UNINITIALIZED_AUTOS = YES_AGGRESSIVE;
				GCC_WARN_UNUSED_FUNCTION = YES;
				GCC_WARN_UNUSED_VARIABLE = YES;
				MACOSX_DEPLOYMENT_TARGET = 10.14;
				MTL_ENABLE_DEBUG_INFO = INCLUDE_SOURCE;
				MTL_FAST_MATH = YES;
				ONLY_ACTIVE_ARCH = YES;
				SDKROOT = macosx;
				SWIFT_ACTIVE_COMPILATION_CONDITIONS = DEBUG;
				SWIFT_OPTIMIZATION_LEVEL = "-Onone";
			};
			name = Debug;
		};
		11ECCF3221BDDCC1002710AC /* Release */ = {
			isa = XCBuildConfiguration;
			buildSettings = {
				ALWAYS_SEARCH_USER_PATHS = NO;
				CLANG_ANALYZER_NONNULL = YES;
				CLANG_ANALYZER_NUMBER_OBJECT_CONVERSION = YES_AGGRESSIVE;
				CLANG_CXX_LANGUAGE_STANDARD = "gnu++14";
				CLANG_CXX_LIBRARY = "libc++";
				CLANG_ENABLE_MODULES = YES;
				CLANG_ENABLE_OBJC_ARC = YES;
				CLANG_ENABLE_OBJC_WEAK = YES;
				CLANG_WARN_BLOCK_CAPTURE_AUTORELEASING = YES;
				CLANG_WARN_BOOL_CONVERSION = YES;
				CLANG_WARN_COMMA = YES;
				CLANG_WARN_CONSTANT_CONVERSION = YES;
				CLANG_WARN_DEPRECATED_OBJC_IMPLEMENTATIONS = YES;
				CLANG_WARN_DIRECT_OBJC_ISA_USAGE = YES_ERROR;
				CLANG_WARN_DOCUMENTATION_COMMENTS = YES;
				CLANG_WARN_EMPTY_BODY = YES;
				CLANG_WARN_ENUM_CONVERSION = YES;
				CLANG_WARN_INFINITE_RECURSION = YES;
				CLANG_WARN_INT_CONVERSION = YES;
				CLANG_WARN_NON_LITERAL_NULL_CONVERSION = YES;
				CLANG_WARN_OBJC_IMPLICIT_RETAIN_SELF = YES;
				CLANG_WARN_OBJC_LITERAL_CONVERSION = YES;
				CLANG_WARN_OBJC_ROOT_CLASS = YES_ERROR;
				CLANG_WARN_RANGE_LOOP_ANALYSIS = YES;
				CLANG_WARN_STRICT_PROTOTYPES = YES;
				CLANG_WARN_SUSPICIOUS_MOVE = YES;
				CLANG_WARN_UNGUARDED_AVAILABILITY = YES_AGGRESSIVE;
				CLANG_WARN_UNREACHABLE_CODE = YES;
				CLANG_WARN__DUPLICATE_METHOD_MATCH = YES;
				CODE_SIGN_IDENTITY = "-";
				COPY_PHASE_STRIP = NO;
				DEBUG_INFORMATION_FORMAT = "dwarf-with-dsym";
				ENABLE_NS_ASSERTIONS = NO;
				ENABLE_STRICT_OBJC_MSGSEND = YES;
				GCC_C_LANGUAGE_STANDARD = gnu11;
				GCC_NO_COMMON_BLOCKS = YES;
				GCC_WARN_64_TO_32_BIT_CONVERSION = YES;
				GCC_WARN_ABOUT_RETURN_TYPE = YES_ERROR;
				GCC_WARN_UNDECLARED_SELECTOR = YES;
				GCC_WARN_UNINITIALIZED_AUTOS = YES_AGGRESSIVE;
				GCC_WARN_UNUSED_FUNCTION = YES;
				GCC_WARN_UNUSED_VARIABLE = YES;
				MACOSX_DEPLOYMENT_TARGET = 10.14;
				MTL_ENABLE_DEBUG_INFO = NO;
				MTL_FAST_MATH = YES;
				SDKROOT = macosx;
				SWIFT_COMPILATION_MODE = wholemodule;
				SWIFT_OPTIMIZATION_LEVEL = "-O";
			};
			name = Release;
		};
		11ECCF3421BDDCC1002710AC /* Debug */ = {
			isa = XCBuildConfiguration;
			buildSettings = {
				ASSETCATALOG_COMPILER_APPICON_NAME = AppIcon;
				CODE_SIGN_ENTITLEMENTS = "Advanced iMessage Search/Advanced_iMessage_Search.entitlements";
				CODE_SIGN_STYLE = Automatic;
				COMBINE_HIDPI_IMAGES = YES;
				INFOPLIST_FILE = "Advanced iMessage Search/Info.plist";
				LD_RUNPATH_SEARCH_PATHS = (
					"$(inherited)",
					"@executable_path/../Frameworks",
				);
				PRODUCT_BUNDLE_IDENTIFIER = "oestereicher.Advanced-iMessage-Search";
				PRODUCT_NAME = "$(TARGET_NAME)";
				SWIFT_VERSION = 4.2;
			};
			name = Debug;
		};
		11ECCF3521BDDCC1002710AC /* Release */ = {
			isa = XCBuildConfiguration;
			buildSettings = {
				ASSETCATALOG_COMPILER_APPICON_NAME = AppIcon;
				CODE_SIGN_ENTITLEMENTS = "Advanced iMessage Search/Advanced_iMessage_Search.entitlements";
				CODE_SIGN_STYLE = Automatic;
				COMBINE_HIDPI_IMAGES = YES;
				INFOPLIST_FILE = "Advanced iMessage Search/Info.plist";
				LD_RUNPATH_SEARCH_PATHS = (
					"$(inherited)",
					"@executable_path/../Frameworks",
				);
				PRODUCT_BUNDLE_IDENTIFIER = "oestereicher.Advanced-iMessage-Search";
				PRODUCT_NAME = "$(TARGET_NAME)";
				SWIFT_VERSION = 4.2;
			};
			name = Release;
		};
/* End XCBuildConfiguration section */

/* Begin XCConfigurationList section */
		11ECCF1E21BDDCBF002710AC /* Build configuration list for PBXProject "Advanced iMessage Search" */ = {
			isa = XCConfigurationList;
			buildConfigurations = (
				11ECCF3121BDDCC1002710AC /* Debug */,
				11ECCF3221BDDCC1002710AC /* Release */,
			);
			defaultConfigurationIsVisible = 0;
			defaultConfigurationName = Release;
		};
		11ECCF3321BDDCC1002710AC /* Build configuration list for PBXNativeTarget "Advanced iMessage Search" */ = {
			isa = XCConfigurationList;
			buildConfigurations = (
				11ECCF3421BDDCC1002710AC /* Debug */,
				11ECCF3521BDDCC1002710AC /* Release */,
			);
			defaultConfigurationIsVisible = 0;
			defaultConfigurationName = Release;
		};
/* End XCConfigurationList section */
	};
	rootObject = 11ECCF1B21BDDCBF002710AC /* Project object */;
}
